
Microsoft Visual Studio Solution File, Format Version 12.00
# Visual Studio Version 17
VisualStudioVersion = 17.0.32112.339
MinimumVisualStudioVersion = 10.0.40219.1
Project("{9A19103F-16F7-4668-BE54-9A1E7A4F7556}") = "BiletRezervasyon.WebUI", "BiletRezervasyon.WebUI\BiletRezervasyon.WebUI.csproj", "{3FF35988-25E9-4891-9467-5FE2431E9336}"
EndProject
Project("{9A19103F-16F7-4668-BE54-9A1E7A4F7556}") = "BiletRezervasyon.Data", "BiletRezervasyon.Data\BiletRezervasyon.Data.csproj", "{A05BA338-7EF1-4EF3-9ABE-DF87690EEF87}"
EndProject
Project("{9A19103F-16F7-4668-BE54-9A1E7A4F7556}") = "BiletRezervasyon.Business", "BiletRezervasyon.Business\BiletRezervasyon.Business.csproj", "{8094183F-15EF-48CC-B23A-11137A69DAE4}"
EndProject
Project("{9A19103F-16F7-4668-BE54-9A1E7A4F7556}") = "BiletRezervasyon.Entities", "BiletRezervasyon.Entities\BiletRezervasyon.Entities.csproj", "{06CA1239-E94D-46F1-88EF-C30B55D7159F}"
EndProject
Global
	GlobalSection(SolutionConfigurationPlatforms) = preSolution
		Debug|Any CPU = Debug|Any CPU
		Release|Any CPU = Release|Any CPU
	EndGlobalSection
	GlobalSection(ProjectConfigurationPlatforms) = postSolution
		{3FF35988-25E9-4891-9467-5FE2431E9336}.Debug|Any CPU.ActiveCfg = Debug|Any CPU
		{3FF35988-25E9-4891-9467-5FE2431E9336}.Debug|Any CPU.Build.0 = Debug|Any CPU
		{3FF35988-25E9-4891-9467-5FE2431E9336}.Release|Any CPU.ActiveCfg = Release|Any CPU
		{3FF35988-25E9-4891-9467-5FE2431E9336}.Release|Any CPU.Build.0 = Release|Any CPU
		{A05BA338-7EF1-4EF3-9ABE-DF87690EEF87}.Debug|Any CPU.ActiveCfg = Debug|Any CPU
		{A05BA338-7EF1-4EF3-9ABE-DF87690EEF87}.Debug|Any CPU.Build.0 = Debug|Any CPU
		{A05BA338-7EF1-4EF3-9ABE-DF87690EEF87}.Release|Any CPU.ActiveCfg = Release|Any CPU
		{A05BA338-7EF1-4EF3-9ABE-DF87690EEF87}.Release|Any CPU.Build.0 = Release|Any CPU
		{8094183F-15EF-48CC-B23A-11137A69DAE4}.Debug|Any CPU.ActiveCfg = Debug|Any CPU
		{8094183F-15EF-48CC-B23A-11137A69DAE4}.Debug|Any CPU.Build.0 = Debug|Any CPU
		{8094183F-15EF-48CC-B23A-11137A69DAE4}.Release|Any CPU.ActiveCfg = Release|Any CPU
		{8094183F-15EF-48CC-B23A-11137A69DAE4}.Release|Any CPU.Build.0 = Release|Any CPU
		{06CA1239-E94D-46F1-88EF-C30B55D7159F}.Debug|Any CPU.ActiveCfg = Debug|Any CPU
		{06CA1239-E94D-46F1-88EF-C30B55D7159F}.Debug|Any CPU.Build.0 = Debug|Any CPU
		{06CA1239-E94D-46F1-88EF-C30B55D7159F}.Release|Any CPU.ActiveCfg = Release|Any CPU
		{06CA1239-E94D-46F1-88EF-C30B55D7159F}.Release|Any CPU.Build.0 = Release|Any CPU
	EndGlobalSection
	GlobalSection(SolutionProperties) = preSolution
		HideSolutionNode = FALSE
	EndGlobalSection
	GlobalSection(ExtensibilityGlobals) = postSolution
		SolutionGuid = {6B860DDE-06A4-4400-ABEF-43EEAC6C675F}
	EndGlobalSection
EndGlobal
